
Microsoft Visual Studio Solution File, Format Version 12.00
# Visual Studio Version 17
VisualStudioVersion = 17.0.32014.148
MinimumVisualStudioVersion = 10.0.40219.1
Project("{FAE04EC0-301F-11D3-BF4B-00C04F79EFBC}") = "FluentHub", "src\FluentHub\FluentHub.csproj", "{9AF1D390-4850-42E3-A884-4CA703B1A651}"
EndProject
Project("{FAE04EC0-301F-11D3-BF4B-00C04F79EFBC}") = "FluentHub.Octokit", "src\FluentHub.Octokit\FluentHub.Octokit.csproj", "{893EDCC9-4345-4F49-A13F-1A426A7BA432}"
EndProject
Project("{2150E333-8FDC-42A3-9474-1A3956D46DE8}") = "src", "src", "{C6265587-7328-4B9E-AF1F-69F0E7301C5F}"
EndProject
Project("{FAE04EC0-301F-11D3-BF4B-00C04F79EFBC}") = "FluentHub.Backend", "src\FluentHub.Backend\FluentHub.Backend.csproj", "{2DF9C7E4-8293-4DCD-9EA4-78784D98E957}"
EndProject
Global
	GlobalSection(SolutionConfigurationPlatforms) = preSolution
		Debug|Any CPU = Debug|Any CPU
		Debug|ARM = Debug|ARM
		Debug|ARM64 = Debug|ARM64
		Debug|x64 = Debug|x64
		Debug|x86 = Debug|x86
		Release|Any CPU = Release|Any CPU
		Release|ARM = Release|ARM
		Release|ARM64 = Release|ARM64
		Release|x64 = Release|x64
		Release|x86 = Release|x86
	EndGlobalSection
	GlobalSection(ProjectConfigurationPlatforms) = postSolution
		{9AF1D390-4850-42E3-A884-4CA703B1A651}.Debug|Any CPU.ActiveCfg = Debug|x64
		{9AF1D390-4850-42E3-A884-4CA703B1A651}.Debug|Any CPU.Build.0 = Debug|x64
		{9AF1D390-4850-42E3-A884-4CA703B1A651}.Debug|Any CPU.Deploy.0 = Debug|x64
		{9AF1D390-4850-42E3-A884-4CA703B1A651}.Debug|ARM.ActiveCfg = Debug|ARM
		{9AF1D390-4850-42E3-A884-4CA703B1A651}.Debug|ARM.Build.0 = Debug|ARM
		{9AF1D390-4850-42E3-A884-4CA703B1A651}.Debug|ARM.Deploy.0 = Debug|ARM
		{9AF1D390-4850-42E3-A884-4CA703B1A651}.Debug|ARM64.ActiveCfg = Debug|ARM64
		{9AF1D390-4850-42E3-A884-4CA703B1A651}.Debug|ARM64.Build.0 = Debug|ARM64
		{9AF1D390-4850-42E3-A884-4CA703B1A651}.Debug|x64.ActiveCfg = Debug|x64
		{9AF1D390-4850-42E3-A884-4CA703B1A651}.Debug|x64.Build.0 = Debug|x64
		{9AF1D390-4850-42E3-A884-4CA703B1A651}.Debug|x64.Deploy.0 = Debug|x64
		{9AF1D390-4850-42E3-A884-4CA703B1A651}.Debug|x86.ActiveCfg = Debug|x86
		{9AF1D390-4850-42E3-A884-4CA703B1A651}.Debug|x86.Build.0 = Debug|x86
		{9AF1D390-4850-42E3-A884-4CA703B1A651}.Debug|x86.Deploy.0 = Debug|x86
		{9AF1D390-4850-42E3-A884-4CA703B1A651}.Release|Any CPU.ActiveCfg = Release|x64
		{9AF1D390-4850-42E3-A884-4CA703B1A651}.Release|Any CPU.Build.0 = Release|x64
		{9AF1D390-4850-42E3-A884-4CA703B1A651}.Release|Any CPU.Deploy.0 = Release|x64
		{9AF1D390-4850-42E3-A884-4CA703B1A651}.Release|ARM.ActiveCfg = Release|ARM
		{9AF1D390-4850-42E3-A884-4CA703B1A651}.Release|ARM.Build.0 = Release|ARM
		{9AF1D390-4850-42E3-A884-4CA703B1A651}.Release|ARM.Deploy.0 = Release|ARM
		{9AF1D390-4850-42E3-A884-4CA703B1A651}.Release|ARM64.ActiveCfg = Release|ARM64
		{9AF1D390-4850-42E3-A884-4CA703B1A651}.Release|ARM64.Build.0 = Release|ARM64
		{9AF1D390-4850-42E3-A884-4CA703B1A651}.Release|x64.ActiveCfg = Release|x64
		{9AF1D390-4850-42E3-A884-4CA703B1A651}.Release|x64.Build.0 = Release|x64
		{9AF1D390-4850-42E3-A884-4CA703B1A651}.Release|x64.Deploy.0 = Release|x64
		{9AF1D390-4850-42E3-A884-4CA703B1A651}.Release|x86.ActiveCfg = Release|x86
		{9AF1D390-4850-42E3-A884-4CA703B1A651}.Release|x86.Build.0 = Release|x86
		{9AF1D390-4850-42E3-A884-4CA703B1A651}.Release|x86.Deploy.0 = Release|x86
		{893EDCC9-4345-4F49-A13F-1A426A7BA432}.Debug|Any CPU.ActiveCfg = Debug|Any CPU
		{893EDCC9-4345-4F49-A13F-1A426A7BA432}.Debug|Any CPU.Build.0 = Debug|Any CPU
		{893EDCC9-4345-4F49-A13F-1A426A7BA432}.Debug|ARM.ActiveCfg = Debug|ARM
		{893EDCC9-4345-4F49-A13F-1A426A7BA432}.Debug|ARM.Build.0 = Debug|ARM
		{893EDCC9-4345-4F49-A13F-1A426A7BA432}.Debug|ARM64.ActiveCfg = Debug|ARM64
		{893EDCC9-4345-4F49-A13F-1A426A7BA432}.Debug|ARM64.Build.0 = Debug|ARM64
		{893EDCC9-4345-4F49-A13F-1A426A7BA432}.Debug|x64.ActiveCfg = Debug|x64
		{893EDCC9-4345-4F49-A13F-1A426A7BA432}.Debug|x64.Build.0 = Debug|x64
		{893EDCC9-4345-4F49-A13F-1A426A7BA432}.Debug|x86.ActiveCfg = Debug|x86
		{893EDCC9-4345-4F49-A13F-1A426A7BA432}.Debug|x86.Build.0 = Debug|x86
		{893EDCC9-4345-4F49-A13F-1A426A7BA432}.Release|Any CPU.ActiveCfg = Release|Any CPU
		{893EDCC9-4345-4F49-A13F-1A426A7BA432}.Release|Any CPU.Build.0 = Release|Any CPU
		{893EDCC9-4345-4F49-A13F-1A426A7BA432}.Release|ARM.ActiveCfg = Release|ARM
		{893EDCC9-4345-4F49-A13F-1A426A7BA432}.Release|ARM.Build.0 = Release|ARM
		{893EDCC9-4345-4F49-A13F-1A426A7BA432}.Release|ARM64.ActiveCfg = Release|ARM64
		{893EDCC9-4345-4F49-A13F-1A426A7BA432}.Release|ARM64.Build.0 = Release|ARM64
		{893EDCC9-4345-4F49-A13F-1A426A7BA432}.Release|x64.ActiveCfg = Release|x64
		{893EDCC9-4345-4F49-A13F-1A426A7BA432}.Release|x64.Build.0 = Release|x64
		{893EDCC9-4345-4F49-A13F-1A426A7BA432}.Release|x86.ActiveCfg = Release|x86
		{893EDCC9-4345-4F49-A13F-1A426A7BA432}.Release|x86.Build.0 = Release|x86
		{2DF9C7E4-8293-4DCD-9EA4-78784D98E957}.Debug|Any CPU.ActiveCfg = Debug|Any CPU
		{2DF9C7E4-8293-4DCD-9EA4-78784D98E957}.Debug|Any CPU.Build.0 = Debug|Any CPU
		{2DF9C7E4-8293-4DCD-9EA4-78784D98E957}.Debug|ARM.ActiveCfg = Debug|ARM
		{2DF9C7E4-8293-4DCD-9EA4-78784D98E957}.Debug|ARM.Build.0 = Debug|ARM
		{2DF9C7E4-8293-4DCD-9EA4-78784D98E957}.Debug|ARM64.ActiveCfg = Debug|ARM64
		{2DF9C7E4-8293-4DCD-9EA4-78784D98E957}.Debug|ARM64.Build.0 = Debug|ARM64
		{2DF9C7E4-8293-4DCD-9EA4-78784D98E957}.Debug|x64.ActiveCfg = Debug|x64
		{2DF9C7E4-8293-4DCD-9EA4-78784D98E957}.Debug|x64.Build.0 = Debug|x64
		{2DF9C7E4-8293-4DCD-9EA4-78784D98E957}.Debug|x86.ActiveCfg = Debug|x86
		{2DF9C7E4-8293-4DCD-9EA4-78784D98E957}.Debug|x86.Build.0 = Debug|x86
		{2DF9C7E4-8293-4DCD-9EA4-78784D98E957}.Release|Any CPU.ActiveCfg = Release|Any CPU
		{2DF9C7E4-8293-4DCD-9EA4-78784D98E957}.Release|Any CPU.Build.0 = Release|Any CPU
		{2DF9C7E4-8293-4DCD-9EA4-78784D98E957}.Release|ARM.ActiveCfg = Release|ARM
		{2DF9C7E4-8293-4DCD-9EA4-78784D98E957}.Release|ARM.Build.0 = Release|ARM
		{2DF9C7E4-8293-4DCD-9EA4-78784D98E957}.Release|ARM64.ActiveCfg = Release|ARM64
		{2DF9C7E4-8293-4DCD-9EA4-78784D98E957}.Release|ARM64.Build.0 = Release|ARM64
		{2DF9C7E4-8293-4DCD-9EA4-78784D98E957}.Release|x64.ActiveCfg = Release|x64
		{2DF9C7E4-8293-4DCD-9EA4-78784D98E957}.Release|x64.Build.0 = Release|x64
		{2DF9C7E4-8293-4DCD-9EA4-78784D98E957}.Release|x86.ActiveCfg = Release|x86
		{2DF9C7E4-8293-4DCD-9EA4-78784D98E957}.Release|x86.Build.0 = Release|x86
	EndGlobalSection
	GlobalSection(SolutionProperties) = preSolution
		HideSolutionNode = FALSE
	EndGlobalSection
	GlobalSection(NestedProjects) = preSolution
		{9AF1D390-4850-42E3-A884-4CA703B1A651} = {C6265587-7328-4B9E-AF1F-69F0E7301C5F}
		{893EDCC9-4345-4F49-A13F-1A426A7BA432} = {C6265587-7328-4B9E-AF1F-69F0E7301C5F}
		{2DF9C7E4-8293-4DCD-9EA4-78784D98E957} = {C6265587-7328-4B9E-AF1F-69F0E7301C5F}
	EndGlobalSection
	GlobalSection(ExtensibilityGlobals) = postSolution
		SolutionGuid = {69E4A07A-D627-48B2-A72B-25F6082E0684}
	EndGlobalSection
EndGlobal
