<Solution>

  <Configurations>
    <Platform Name="x86" />
    <Platform Name="x64" />
    <Platform Name="arm64" />
  </Configurations>

  <Folder Name="/global/">
    <File Path=".editorconfig" />
    <File Path=".gitattributes" />
    <File Path=".gitignore" />
    <File Path="AGENTS.md" />
    <File Path="crowdin.yml" />
    <File Path="Directory.Build.props" />
    <File Path="LICENSE" />
    <File Path="Settings.XamlStyler" />
  </Folder>

  <Folder Name="/src/">
    <Project Path="src/FluentHub/FluentHub.csproj">
      <Platform Solution="*|arm64" Project="arm64" />
      <Platform Solution="*|x64" Project="x64" />
      <Platform Solution="*|x86" Project="x86" />
      <Deploy Solution="*|x64" />
    </Project>
    <Project Path="src/FluentHub.Core/FluentHub.Core.csproj">
      <Platform Solution="*|arm64" Project="arm64" />
      <Platform Solution="*|x64" Project="x64" />
      <Platform Solution="*|x86" Project="x86" />
    </Project>
  </Folder>

  <Folder Name="/src/Octokit/">
    <Project Path="src/Octokit/GraphQL/Octokit.GraphQL.csproj" />
    <Project Path="src/Octokit/Rest/Octokit.Rest.csproj" />
    <Project Path="src/Octokit/Transport/Octokit.Transport.csproj" />
  </Folder>

  <Folder Name="/tests/">
    <Project Path="tests/FluentHub.Tests/FluentHub.Tests.csproj" />
  </Folder>

</Solution>
