<Solution>

  <Configurations>
    <Platform Name="x86" />
    <Platform Name="x64" />
    <Platform Name="arm64" />
  </Configurations>

  <Folder Name="/src/">
    <Project Path="src/FluentHub/FluentHub.csproj">
      <Platform Solution="*|arm64" Project="arm64" />
      <Platform Solution="*|x64" Project="x64" />
      <Platform Solution="*|x86" Project="x86" />
      <Deploy Solution="*|x64" />
    </Project>
    <Project Path="src/FluentHub.Core/FluentHub.Core.csproj">
      <Platform Solution="*|arm64" Project="arm64" />
      <Platform Solution="*|x64" Project="x64" />
      <Platform Solution="*|x86" Project="x86" />
    </Project>
    <Project Path="src/Octokit/Octokit.csproj">
      <Platform Solution="*|arm64" Project="arm64" />
      <Platform Solution="*|x64" Project="x64" />
      <Platform Solution="*|x86" Project="x86" />
    </Project>
    <Project Path="src/Octokit.Generators/Octokit.Generators.csproj" />
  </Folder>

  <Folder Name="/tests/">
    <Project Path="tests/FluentHub.Tests/FluentHub.Tests.csproj">
      <Platform Solution="*|arm64" Project="arm64" />
      <Platform Solution="*|x64" Project="x64" />
      <Platform Solution="*|x86" Project="x86" />
    </Project>
  </Folder>

</Solution>
