
Microsoft Visual Studio Solution File, Format Version 12.00
# Visual Studio Version 17
VisualStudioVersion = 17.0.32014.148
MinimumVisualStudioVersion = 10.0.40219.1
Project("{2150E333-8FDC-42A3-9474-1A3956D46DE8}") = "src", "src", "{C6265587-7328-4B9E-AF1F-69F0E7301C5F}"
EndProject
Project("{9A19103F-16F7-4668-BE54-9A1E7A4F7556}") = "FluentHub.Octokit", "src\FluentHub.Octokit\FluentHub.Octokit.csproj", "{893EDCC9-4345-4F49-A13F-1A426A7BA432}"
EndProject
Project("{9A19103F-16F7-4668-BE54-9A1E7A4F7556}") = "FluentHub.Octokit.ModelGenerator", "src\FluentHub.Octokit.ModelGenerator\FluentHub.Octokit.ModelGenerator.csproj", "{2219FA42-F8D3-4951-9578-76E000BB86D7}"
EndProject
Project("{9A19103F-16F7-4668-BE54-9A1E7A4F7556}") = "FluentHub.App", "src\FluentHub.App\FluentHub.App.csproj", "{3B8F7422-E2C0-4BDF-9A95-EA59FFE277E8}"
EndProject
Project("{9A19103F-16F7-4668-BE54-9A1E7A4F7556}") = "FluentHub.Core", "src\FluentHub.Core\FluentHub.Core.csproj", "{CCD6A838-6E6F-424F-BEE3-60C46F4B5308}"
EndProject
Project("{C7167F0D-BC9F-4E6E-AFE1-012C56B48DB5}") = "FluentHub.Package", "src\FluentHub.Package\FluentHub.Package.wapproj", "{8F60FD8E-1921-47D6-97B0-D26D7B3A4999}"
EndProject
Global
	GlobalSection(SolutionConfigurationPlatforms) = preSolution
		Debug|Any CPU = Debug|Any CPU
		Debug|arm64 = Debug|arm64
		Debug|x64 = Debug|x64
		Debug|x86 = Debug|x86
		Release|Any CPU = Release|Any CPU
		Release|arm64 = Release|arm64
		Release|x64 = Release|x64
		Release|x86 = Release|x86
		Sideload|Any CPU = Sideload|Any CPU
		Sideload|arm64 = Sideload|arm64
		Sideload|x64 = Sideload|x64
		Sideload|x86 = Sideload|x86
	EndGlobalSection
	GlobalSection(ProjectConfigurationPlatforms) = postSolution
		{893EDCC9-4345-4F49-A13F-1A426A7BA432}.Debug|Any CPU.ActiveCfg = Debug|x64
		{893EDCC9-4345-4F49-A13F-1A426A7BA432}.Debug|Any CPU.Build.0 = Debug|x64
		{893EDCC9-4345-4F49-A13F-1A426A7BA432}.Debug|arm64.ActiveCfg = Debug|arm64
		{893EDCC9-4345-4F49-A13F-1A426A7BA432}.Debug|arm64.Build.0 = Debug|arm64
		{893EDCC9-4345-4F49-A13F-1A426A7BA432}.Debug|x64.ActiveCfg = Debug|x64
		{893EDCC9-4345-4F49-A13F-1A426A7BA432}.Debug|x64.Build.0 = Debug|x64
		{893EDCC9-4345-4F49-A13F-1A426A7BA432}.Debug|x86.ActiveCfg = Debug|x86
		{893EDCC9-4345-4F49-A13F-1A426A7BA432}.Debug|x86.Build.0 = Debug|x86
		{893EDCC9-4345-4F49-A13F-1A426A7BA432}.Release|Any CPU.ActiveCfg = Release|x64
		{893EDCC9-4345-4F49-A13F-1A426A7BA432}.Release|Any CPU.Build.0 = Release|x64
		{893EDCC9-4345-4F49-A13F-1A426A7BA432}.Release|arm64.ActiveCfg = Release|arm64
		{893EDCC9-4345-4F49-A13F-1A426A7BA432}.Release|arm64.Build.0 = Release|arm64
		{893EDCC9-4345-4F49-A13F-1A426A7BA432}.Release|x64.ActiveCfg = Release|x64
		{893EDCC9-4345-4F49-A13F-1A426A7BA432}.Release|x64.Build.0 = Release|x64
		{893EDCC9-4345-4F49-A13F-1A426A7BA432}.Release|x86.ActiveCfg = Release|x64
		{893EDCC9-4345-4F49-A13F-1A426A7BA432}.Release|x86.Build.0 = Release|x64
		{893EDCC9-4345-4F49-A13F-1A426A7BA432}.Sideload|Any CPU.ActiveCfg = Sideload|x64
		{893EDCC9-4345-4F49-A13F-1A426A7BA432}.Sideload|Any CPU.Build.0 = Sideload|x64
		{893EDCC9-4345-4F49-A13F-1A426A7BA432}.Sideload|arm64.ActiveCfg = Sideload|arm64
		{893EDCC9-4345-4F49-A13F-1A426A7BA432}.Sideload|arm64.Build.0 = Sideload|arm64
		{893EDCC9-4345-4F49-A13F-1A426A7BA432}.Sideload|x64.ActiveCfg = Sideload|x64
		{893EDCC9-4345-4F49-A13F-1A426A7BA432}.Sideload|x64.Build.0 = Sideload|x64
		{893EDCC9-4345-4F49-A13F-1A426A7BA432}.Sideload|x86.ActiveCfg = Sideload|x86
		{893EDCC9-4345-4F49-A13F-1A426A7BA432}.Sideload|x86.Build.0 = Sideload|x86
		{2219FA42-F8D3-4951-9578-76E000BB86D7}.Debug|Any CPU.ActiveCfg = Debug|x64
		{2219FA42-F8D3-4951-9578-76E000BB86D7}.Debug|Any CPU.Build.0 = Debug|x64
		{2219FA42-F8D3-4951-9578-76E000BB86D7}.Debug|arm64.ActiveCfg = Debug|arm64
		{2219FA42-F8D3-4951-9578-76E000BB86D7}.Debug|arm64.Build.0 = Debug|arm64
		{2219FA42-F8D3-4951-9578-76E000BB86D7}.Debug|x64.ActiveCfg = Debug|x64
		{2219FA42-F8D3-4951-9578-76E000BB86D7}.Debug|x64.Build.0 = Debug|x64
		{2219FA42-F8D3-4951-9578-76E000BB86D7}.Debug|x86.ActiveCfg = Debug|x86
		{2219FA42-F8D3-4951-9578-76E000BB86D7}.Debug|x86.Build.0 = Debug|x86
		{2219FA42-F8D3-4951-9578-76E000BB86D7}.Release|Any CPU.ActiveCfg = Release|x64
		{2219FA42-F8D3-4951-9578-76E000BB86D7}.Release|Any CPU.Build.0 = Release|x64
		{2219FA42-F8D3-4951-9578-76E000BB86D7}.Release|arm64.ActiveCfg = Release|arm64
		{2219FA42-F8D3-4951-9578-76E000BB86D7}.Release|arm64.Build.0 = Release|arm64
		{2219FA42-F8D3-4951-9578-76E000BB86D7}.Release|x64.ActiveCfg = Release|x64
		{2219FA42-F8D3-4951-9578-76E000BB86D7}.Release|x64.Build.0 = Release|x64
		{2219FA42-F8D3-4951-9578-76E000BB86D7}.Release|x86.ActiveCfg = Release|x86
		{2219FA42-F8D3-4951-9578-76E000BB86D7}.Release|x86.Build.0 = Release|x86
		{2219FA42-F8D3-4951-9578-76E000BB86D7}.Sideload|Any CPU.ActiveCfg = Sideload|x64
		{2219FA42-F8D3-4951-9578-76E000BB86D7}.Sideload|Any CPU.Build.0 = Sideload|x64
		{2219FA42-F8D3-4951-9578-76E000BB86D7}.Sideload|arm64.ActiveCfg = Sideload|arm64
		{2219FA42-F8D3-4951-9578-76E000BB86D7}.Sideload|arm64.Build.0 = Sideload|arm64
		{2219FA42-F8D3-4951-9578-76E000BB86D7}.Sideload|x64.ActiveCfg = Sideload|x64
		{2219FA42-F8D3-4951-9578-76E000BB86D7}.Sideload|x64.Build.0 = Sideload|x64
		{2219FA42-F8D3-4951-9578-76E000BB86D7}.Sideload|x86.ActiveCfg = Sideload|x86
		{2219FA42-F8D3-4951-9578-76E000BB86D7}.Sideload|x86.Build.0 = Sideload|x86
		{3B8F7422-E2C0-4BDF-9A95-EA59FFE277E8}.Debug|Any CPU.ActiveCfg = Debug|x64
		{3B8F7422-E2C0-4BDF-9A95-EA59FFE277E8}.Debug|Any CPU.Build.0 = Debug|x64
		{3B8F7422-E2C0-4BDF-9A95-EA59FFE277E8}.Debug|Any CPU.Deploy.0 = Debug|x64
		{3B8F7422-E2C0-4BDF-9A95-EA59FFE277E8}.Debug|arm64.ActiveCfg = Debug|arm64
		{3B8F7422-E2C0-4BDF-9A95-EA59FFE277E8}.Debug|arm64.Build.0 = Debug|arm64
		{3B8F7422-E2C0-4BDF-9A95-EA59FFE277E8}.Debug|arm64.Deploy.0 = Debug|arm64
		{3B8F7422-E2C0-4BDF-9A95-EA59FFE277E8}.Debug|x64.ActiveCfg = Debug|x64
		{3B8F7422-E2C0-4BDF-9A95-EA59FFE277E8}.Debug|x64.Build.0 = Debug|x64
		{3B8F7422-E2C0-4BDF-9A95-EA59FFE277E8}.Debug|x64.Deploy.0 = Debug|x64
		{3B8F7422-E2C0-4BDF-9A95-EA59FFE277E8}.Debug|x86.ActiveCfg = Debug|x86
		{3B8F7422-E2C0-4BDF-9A95-EA59FFE277E8}.Debug|x86.Build.0 = Debug|x86
		{3B8F7422-E2C0-4BDF-9A95-EA59FFE277E8}.Debug|x86.Deploy.0 = Debug|x86
		{3B8F7422-E2C0-4BDF-9A95-EA59FFE277E8}.Release|Any CPU.ActiveCfg = Release|x64
		{3B8F7422-E2C0-4BDF-9A95-EA59FFE277E8}.Release|Any CPU.Build.0 = Release|x64
		{3B8F7422-E2C0-4BDF-9A95-EA59FFE277E8}.Release|Any CPU.Deploy.0 = Release|x64
		{3B8F7422-E2C0-4BDF-9A95-EA59FFE277E8}.Release|arm64.ActiveCfg = Release|arm64
		{3B8F7422-E2C0-4BDF-9A95-EA59FFE277E8}.Release|arm64.Build.0 = Release|arm64
		{3B8F7422-E2C0-4BDF-9A95-EA59FFE277E8}.Release|arm64.Deploy.0 = Release|arm64
		{3B8F7422-E2C0-4BDF-9A95-EA59FFE277E8}.Release|x64.ActiveCfg = Release|x64
		{3B8F7422-E2C0-4BDF-9A95-EA59FFE277E8}.Release|x64.Build.0 = Release|x64
		{3B8F7422-E2C0-4BDF-9A95-EA59FFE277E8}.Release|x64.Deploy.0 = Release|x64
		{3B8F7422-E2C0-4BDF-9A95-EA59FFE277E8}.Release|x86.ActiveCfg = Release|x64
		{3B8F7422-E2C0-4BDF-9A95-EA59FFE277E8}.Release|x86.Build.0 = Release|x64
		{3B8F7422-E2C0-4BDF-9A95-EA59FFE277E8}.Release|x86.Deploy.0 = Release|x64
		{3B8F7422-E2C0-4BDF-9A95-EA59FFE277E8}.Sideload|Any CPU.ActiveCfg = Sideload|x64
		{3B8F7422-E2C0-4BDF-9A95-EA59FFE277E8}.Sideload|Any CPU.Build.0 = Sideload|x64
		{3B8F7422-E2C0-4BDF-9A95-EA59FFE277E8}.Sideload|arm64.ActiveCfg = Sideload|arm64
		{3B8F7422-E2C0-4BDF-9A95-EA59FFE277E8}.Sideload|arm64.Build.0 = Sideload|arm64
		{3B8F7422-E2C0-4BDF-9A95-EA59FFE277E8}.Sideload|arm64.Deploy.0 = Sideload|arm64
		{3B8F7422-E2C0-4BDF-9A95-EA59FFE277E8}.Sideload|x64.ActiveCfg = Sideload|x64
		{3B8F7422-E2C0-4BDF-9A95-EA59FFE277E8}.Sideload|x64.Build.0 = Sideload|x64
		{3B8F7422-E2C0-4BDF-9A95-EA59FFE277E8}.Sideload|x64.Deploy.0 = Sideload|x64
		{3B8F7422-E2C0-4BDF-9A95-EA59FFE277E8}.Sideload|x86.ActiveCfg = Sideload|x86
		{3B8F7422-E2C0-4BDF-9A95-EA59FFE277E8}.Sideload|x86.Build.0 = Sideload|x86
		{3B8F7422-E2C0-4BDF-9A95-EA59FFE277E8}.Sideload|x86.Deploy.0 = Sideload|x86
		{CCD6A838-6E6F-424F-BEE3-60C46F4B5308}.Debug|Any CPU.ActiveCfg = Debug|x64
		{CCD6A838-6E6F-424F-BEE3-60C46F4B5308}.Debug|Any CPU.Build.0 = Debug|x64
		{CCD6A838-6E6F-424F-BEE3-60C46F4B5308}.Debug|arm64.ActiveCfg = Debug|arm64
		{CCD6A838-6E6F-424F-BEE3-60C46F4B5308}.Debug|arm64.Build.0 = Debug|arm64
		{CCD6A838-6E6F-424F-BEE3-60C46F4B5308}.Debug|x64.ActiveCfg = Debug|x64
		{CCD6A838-6E6F-424F-BEE3-60C46F4B5308}.Debug|x64.Build.0 = Debug|x64
		{CCD6A838-6E6F-424F-BEE3-60C46F4B5308}.Debug|x86.ActiveCfg = Debug|x86
		{CCD6A838-6E6F-424F-BEE3-60C46F4B5308}.Debug|x86.Build.0 = Debug|x86
		{CCD6A838-6E6F-424F-BEE3-60C46F4B5308}.Release|Any CPU.ActiveCfg = Release|x64
		{CCD6A838-6E6F-424F-BEE3-60C46F4B5308}.Release|Any CPU.Build.0 = Release|x64
		{CCD6A838-6E6F-424F-BEE3-60C46F4B5308}.Release|arm64.ActiveCfg = Release|arm64
		{CCD6A838-6E6F-424F-BEE3-60C46F4B5308}.Release|arm64.Build.0 = Release|arm64
		{CCD6A838-6E6F-424F-BEE3-60C46F4B5308}.Release|x64.ActiveCfg = Release|x64
		{CCD6A838-6E6F-424F-BEE3-60C46F4B5308}.Release|x64.Build.0 = Release|x64
		{CCD6A838-6E6F-424F-BEE3-60C46F4B5308}.Release|x86.ActiveCfg = Release|x86
		{CCD6A838-6E6F-424F-BEE3-60C46F4B5308}.Release|x86.Build.0 = Release|x86
		{CCD6A838-6E6F-424F-BEE3-60C46F4B5308}.Sideload|Any CPU.ActiveCfg = Sideload|x64
		{CCD6A838-6E6F-424F-BEE3-60C46F4B5308}.Sideload|Any CPU.Build.0 = Sideload|x64
		{CCD6A838-6E6F-424F-BEE3-60C46F4B5308}.Sideload|arm64.ActiveCfg = Sideload|arm64
		{CCD6A838-6E6F-424F-BEE3-60C46F4B5308}.Sideload|arm64.Build.0 = Sideload|arm64
		{CCD6A838-6E6F-424F-BEE3-60C46F4B5308}.Sideload|x64.ActiveCfg = Sideload|x64
		{CCD6A838-6E6F-424F-BEE3-60C46F4B5308}.Sideload|x64.Build.0 = Sideload|x64
		{CCD6A838-6E6F-424F-BEE3-60C46F4B5308}.Sideload|x86.ActiveCfg = Sideload|x86
		{CCD6A838-6E6F-424F-BEE3-60C46F4B5308}.Sideload|x86.Build.0 = Sideload|x86
		{8F60FD8E-1921-47D6-97B0-D26D7B3A4999}.Debug|Any CPU.ActiveCfg = Debug|x64
		{8F60FD8E-1921-47D6-97B0-D26D7B3A4999}.Debug|Any CPU.Build.0 = Debug|x64
		{8F60FD8E-1921-47D6-97B0-D26D7B3A4999}.Debug|Any CPU.Deploy.0 = Debug|x64
		{8F60FD8E-1921-47D6-97B0-D26D7B3A4999}.Debug|arm64.ActiveCfg = Debug|ARM64
		{8F60FD8E-1921-47D6-97B0-D26D7B3A4999}.Debug|arm64.Build.0 = Debug|ARM64
		{8F60FD8E-1921-47D6-97B0-D26D7B3A4999}.Debug|arm64.Deploy.0 = Debug|ARM64
		{8F60FD8E-1921-47D6-97B0-D26D7B3A4999}.Debug|x64.ActiveCfg = Debug|x64
		{8F60FD8E-1921-47D6-97B0-D26D7B3A4999}.Debug|x64.Build.0 = Debug|x64
		{8F60FD8E-1921-47D6-97B0-D26D7B3A4999}.Debug|x64.Deploy.0 = Debug|x64
		{8F60FD8E-1921-47D6-97B0-D26D7B3A4999}.Debug|x86.ActiveCfg = Debug|x86
		{8F60FD8E-1921-47D6-97B0-D26D7B3A4999}.Debug|x86.Build.0 = Debug|x86
		{8F60FD8E-1921-47D6-97B0-D26D7B3A4999}.Debug|x86.Deploy.0 = Debug|x86
		{8F60FD8E-1921-47D6-97B0-D26D7B3A4999}.Release|Any CPU.ActiveCfg = Release|x64
		{8F60FD8E-1921-47D6-97B0-D26D7B3A4999}.Release|Any CPU.Build.0 = Release|x64
		{8F60FD8E-1921-47D6-97B0-D26D7B3A4999}.Release|Any CPU.Deploy.0 = Release|x64
		{8F60FD8E-1921-47D6-97B0-D26D7B3A4999}.Release|arm64.ActiveCfg = Release|ARM64
		{8F60FD8E-1921-47D6-97B0-D26D7B3A4999}.Release|arm64.Build.0 = Release|ARM64
		{8F60FD8E-1921-47D6-97B0-D26D7B3A4999}.Release|arm64.Deploy.0 = Release|ARM64
		{8F60FD8E-1921-47D6-97B0-D26D7B3A4999}.Release|x64.ActiveCfg = Release|x64
		{8F60FD8E-1921-47D6-97B0-D26D7B3A4999}.Release|x64.Build.0 = Release|x64
		{8F60FD8E-1921-47D6-97B0-D26D7B3A4999}.Release|x64.Deploy.0 = Release|x64
		{8F60FD8E-1921-47D6-97B0-D26D7B3A4999}.Release|x86.ActiveCfg = Release|x86
		{8F60FD8E-1921-47D6-97B0-D26D7B3A4999}.Release|x86.Build.0 = Release|x86
		{8F60FD8E-1921-47D6-97B0-D26D7B3A4999}.Release|x86.Deploy.0 = Release|x86
		{8F60FD8E-1921-47D6-97B0-D26D7B3A4999}.Sideload|Any CPU.ActiveCfg = Sideload|x64
		{8F60FD8E-1921-47D6-97B0-D26D7B3A4999}.Sideload|Any CPU.Build.0 = Sideload|x64
		{8F60FD8E-1921-47D6-97B0-D26D7B3A4999}.Sideload|Any CPU.Deploy.0 = Sideload|x64
		{8F60FD8E-1921-47D6-97B0-D26D7B3A4999}.Sideload|arm64.ActiveCfg = Sideload|ARM64
		{8F60FD8E-1921-47D6-97B0-D26D7B3A4999}.Sideload|arm64.Build.0 = Sideload|ARM64
		{8F60FD8E-1921-47D6-97B0-D26D7B3A4999}.Sideload|arm64.Deploy.0 = Sideload|ARM64
		{8F60FD8E-1921-47D6-97B0-D26D7B3A4999}.Sideload|x64.ActiveCfg = Sideload|x64
		{8F60FD8E-1921-47D6-97B0-D26D7B3A4999}.Sideload|x64.Build.0 = Sideload|x64
		{8F60FD8E-1921-47D6-97B0-D26D7B3A4999}.Sideload|x64.Deploy.0 = Sideload|x64
		{8F60FD8E-1921-47D6-97B0-D26D7B3A4999}.Sideload|x86.ActiveCfg = Sideload|x86
		{8F60FD8E-1921-47D6-97B0-D26D7B3A4999}.Sideload|x86.Build.0 = Sideload|x86
		{8F60FD8E-1921-47D6-97B0-D26D7B3A4999}.Sideload|x86.Deploy.0 = Sideload|x86
	EndGlobalSection
	GlobalSection(SolutionProperties) = preSolution
		HideSolutionNode = FALSE
	EndGlobalSection
	GlobalSection(NestedProjects) = preSolution
		{893EDCC9-4345-4F49-A13F-1A426A7BA432} = {C6265587-7328-4B9E-AF1F-69F0E7301C5F}
		{2219FA42-F8D3-4951-9578-76E000BB86D7} = {C6265587-7328-4B9E-AF1F-69F0E7301C5F}
		{3B8F7422-E2C0-4BDF-9A95-EA59FFE277E8} = {C6265587-7328-4B9E-AF1F-69F0E7301C5F}
		{CCD6A838-6E6F-424F-BEE3-60C46F4B5308} = {C6265587-7328-4B9E-AF1F-69F0E7301C5F}
		{8F60FD8E-1921-47D6-97B0-D26D7B3A4999} = {C6265587-7328-4B9E-AF1F-69F0E7301C5F}
	EndGlobalSection
	GlobalSection(ExtensibilityGlobals) = postSolution
		SolutionGuid = {69E4A07A-D627-48B2-A72B-25F6082E0684}
	EndGlobalSection
EndGlobal
